
Microsoft Visual Studio Solution File, Format Version 12.00
# Visual Studio Version 17
VisualStudioVersion = 17.5.002.0
MinimumVisualStudioVersion = 10.0.40219.1
Project("{9A19103F-16F7-4668-BE54-9A1E7A4F7556}") = "onepathapi", "onepathapi.csproj", "{000B17A0-7D9C-4B88-A947-41F993BA20FF}"
EndProject
Global
	GlobalSection(SolutionConfigurationPlatforms) = preSolution
		Debug|Any CPU = Debug|Any CPU
		Release|Any CPU = Release|Any CPU
	EndGlobalSection
	GlobalSection(ProjectConfigurationPlatforms) = postSolution
		{000B17A0-7D9C-4B88-A947-41F993BA20FF}.Debug|Any CPU.ActiveCfg = Debug|Any CPU
		{000B17A0-7D9C-4B88-A947-41F993BA20FF}.Debug|Any CPU.Build.0 = Debug|Any CPU
		{000B17A0-7D9C-4B88-A947-41F993BA20FF}.Release|Any CPU.ActiveCfg = Release|Any CPU
		{000B17A0-7D9C-4B88-A947-41F993BA20FF}.Release|Any CPU.Build.0 = Release|Any CPU
	EndGlobalSection
	GlobalSection(SolutionProperties) = preSolution
		HideSolutionNode = FALSE
	EndGlobalSection
	GlobalSection(ExtensibilityGlobals) = postSolution
		SolutionGuid = {58A985C9-D491-49E2-BBD4-65F9176C63E8}
	EndGlobalSection
EndGlobal
